
Microsoft Visual Studio Solution File, Format Version 12.00
# Visual Studio Version 17
VisualStudioVersion = 17.3.32825.248
MinimumVisualStudioVersion = 10.0.40219.1
Project("{FAE04EC0-301F-11D3-BF4B-00C04F79EFBC}") = "Kuzmich", "Kuzmich.csproj", "{8CFA056F-1985-4E23-A8DA-D17D067E749B}"
EndProject
Global
	GlobalSection(SolutionConfigurationPlatforms) = preSolution
		Debug|Any CPU = Debug|Any CPU
		Release|Any CPU = Release|Any CPU
	EndGlobalSection
	GlobalSection(ProjectConfigurationPlatforms) = postSolution
		{8CFA056F-1985-4E23-A8DA-D17D067E749B}.Debug|Any CPU.ActiveCfg = Debug|Any CPU
		{8CFA056F-1985-4E23-A8DA-D17D067E749B}.Debug|Any CPU.Build.0 = Debug|Any CPU
		{8CFA056F-1985-4E23-A8DA-D17D067E749B}.Release|Any CPU.ActiveCfg = Release|Any CPU
		{8CFA056F-1985-4E23-A8DA-D17D067E749B}.Release|Any CPU.Build.0 = Release|Any CPU
	EndGlobalSection
	GlobalSection(SolutionProperties) = preSolution
		HideSolutionNode = FALSE
	EndGlobalSection
	GlobalSection(ExtensibilityGlobals) = postSolution
		SolutionGuid = {589D99CA-1C65-4D19-8A37-D8061815C194}
	EndGlobalSection
EndGlobal
